
Microsoft Visual Studio Solution File, Format Version 12.00
# Visual Studio Version 17
VisualStudioVersion = 17.7.34024.191
MinimumVisualStudioVersion = 10.0.40219.1
Project("{FAE04EC0-301F-11D3-BF4B-00C04F79EFBC}") = "6.Working with numbers", "6.Working with numbers\6.Working with numbers.csproj", "{6E2849C0-4AC1-451C-B48B-13CFD899EC95}"
EndProject
Global
	GlobalSection(SolutionConfigurationPlatforms) = preSolution
		Debug|Any CPU = Debug|Any CPU
		Release|Any CPU = Release|Any CPU
	EndGlobalSection
	GlobalSection(ProjectConfigurationPlatforms) = postSolution
		{6E2849C0-4AC1-451C-B48B-13CFD899EC95}.Debug|Any CPU.ActiveCfg = Debug|Any CPU
		{6E2849C0-4AC1-451C-B48B-13CFD899EC95}.Debug|Any CPU.Build.0 = Debug|Any CPU
		{6E2849C0-4AC1-451C-B48B-13CFD899EC95}.Release|Any CPU.ActiveCfg = Release|Any CPU
		{6E2849C0-4AC1-451C-B48B-13CFD899EC95}.Release|Any CPU.Build.0 = Release|Any CPU
	EndGlobalSection
	GlobalSection(SolutionProperties) = preSolution
		HideSolutionNode = FALSE
	EndGlobalSection
	GlobalSection(ExtensibilityGlobals) = postSolution
		SolutionGuid = {0665E8E6-9F76-47C9-BDF9-2E6EFE43C69E}
	EndGlobalSection
EndGlobal
